
Microsoft Visual Studio Solution File, Format Version 11.00
# Visual Studio 2010
Project("{FAE04EC0-301F-11D3-BF4B-00C04F79EFBC}") = "Virtual Flash Cards", "Virtual Flash Cards\Virtual Flash Cards.csproj", "{156019A2-89B5-4564-9D1E-9ADEFF6D58F2}"
EndProject
Project("{FAE04EC0-301F-11D3-BF4B-00C04F79EFBC}") = "DataMan", "XmlSerializer\DataMan.csproj", "{26D9068F-CF73-4B51-8F17-3CF2AADF5CB4}"
EndProject
Project("{FAE04EC0-301F-11D3-BF4B-00C04F79EFBC}") = "TestApp", "TestApp\TestApp.csproj", "{01283D22-5FBA-4AB4-BF38-CDBC57785343}"
EndProject
Global
	GlobalSection(SolutionConfigurationPlatforms) = preSolution
		Debug|Any CPU = Debug|Any CPU
		Release|Any CPU = Release|Any CPU
	EndGlobalSection
	GlobalSection(ProjectConfigurationPlatforms) = postSolution
		{156019A2-89B5-4564-9D1E-9ADEFF6D58F2}.Debug|Any CPU.ActiveCfg = Debug|Any CPU
		{156019A2-89B5-4564-9D1E-9ADEFF6D58F2}.Debug|Any CPU.Build.0 = Debug|Any CPU
		{156019A2-89B5-4564-9D1E-9ADEFF6D58F2}.Release|Any CPU.ActiveCfg = Release|Any CPU
		{156019A2-89B5-4564-9D1E-9ADEFF6D58F2}.Release|Any CPU.Build.0 = Release|Any CPU
		{26D9068F-CF73-4B51-8F17-3CF2AADF5CB4}.Debug|Any CPU.ActiveCfg = Debug|Any CPU
		{26D9068F-CF73-4B51-8F17-3CF2AADF5CB4}.Debug|Any CPU.Build.0 = Debug|Any CPU
		{26D9068F-CF73-4B51-8F17-3CF2AADF5CB4}.Release|Any CPU.ActiveCfg = Release|Any CPU
		{26D9068F-CF73-4B51-8F17-3CF2AADF5CB4}.Release|Any CPU.Build.0 = Release|Any CPU
		{01283D22-5FBA-4AB4-BF38-CDBC57785343}.Debug|Any CPU.ActiveCfg = Debug|Any CPU
		{01283D22-5FBA-4AB4-BF38-CDBC57785343}.Debug|Any CPU.Build.0 = Debug|Any CPU
		{01283D22-5FBA-4AB4-BF38-CDBC57785343}.Release|Any CPU.ActiveCfg = Release|Any CPU
		{01283D22-5FBA-4AB4-BF38-CDBC57785343}.Release|Any CPU.Build.0 = Release|Any CPU
	EndGlobalSection
	GlobalSection(SolutionProperties) = preSolution
		HideSolutionNode = FALSE
	EndGlobalSection
EndGlobal
